
Microsoft Visual Studio Solution File, Format Version 12.00
# Visual Studio Version 17
VisualStudioVersion = 17.14.37012.4
MinimumVisualStudioVersion = 10.0.40219.1
Project("{FAE04EC0-301F-11D3-BF4B-00C04F79EFBC}") = "KeyComicsDBCapstone", "KeyComicsDBCapstone.csproj", "{C02C8A84-B192-2410-1275-5A20D633F967}"
EndProject
Global
	GlobalSection(SolutionConfigurationPlatforms) = preSolution
		Debug|Any CPU = Debug|Any CPU
		Release|Any CPU = Release|Any CPU
	EndGlobalSection
	GlobalSection(ProjectConfigurationPlatforms) = postSolution
		{C02C8A84-B192-2410-1275-5A20D633F967}.Debug|Any CPU.ActiveCfg = Debug|Any CPU
		{C02C8A84-B192-2410-1275-5A20D633F967}.Debug|Any CPU.Build.0 = Debug|Any CPU
		{C02C8A84-B192-2410-1275-5A20D633F967}.Release|Any CPU.ActiveCfg = Release|Any CPU
		{C02C8A84-B192-2410-1275-5A20D633F967}.Release|Any CPU.Build.0 = Release|Any CPU
	EndGlobalSection
	GlobalSection(SolutionProperties) = preSolution
		HideSolutionNode = FALSE
	EndGlobalSection
	GlobalSection(ExtensibilityGlobals) = postSolution
		SolutionGuid = {4DE4DBE5-983A-43F8-BC38-E232FDBFC00F}
	EndGlobalSection
EndGlobal
